<?xml version="1.0" encoding="utf-8"?>
<Project ToolsVersion="4.0" xmlns="http://schemas.microsoft.com/developer/msbuild/2003">
  <ItemGroup>
    <Filter Include="Source Files">
      <UniqueIdentifier>{4FC737F1-C7A5-4376-A066-2A32D752A2FF}</UniqueIdentifier>
      <Extensions>cpp;c;cc;cxx;c++;cppm;ixx;def;odl;idl;hpj;bat;asm;asmx</Extensions>
    </Filter>
    <Filter Include="Resource Files">
      <UniqueIdentifier>{67DA6AB6-F800-4c08-8B7A-83BB121AAD01}</UniqueIdentifier>
      <Extensions>rc;ico;cur;bmp;dlg;rc2;rct;bin;rgs;gif;jpg;jpeg;jpe;resx;tiff;tif;png;wav;mfcribbon-ms</Extensions>
    </Filter>
    <Filter Include="01. Stack">
      <UniqueIdentifier>{86c55d2a-1ae6-4907-9529-1bd17467b331}</UniqueIdentifier>
    </Filter>
    <Filter Include="02. Queue">
      <UniqueIdentifier>{cc74851b-ff15-463a-b54f-a935a9c533b2}</UniqueIdentifier>
    </Filter>
    <Filter Include="03. Deque">
      <UniqueIdentifier>{b46d1ff7-271b-4f78-bf63-ef106e4746d8}</UniqueIdentifier>
    </Filter>
    <Filter Include="04. List">
      <UniqueIdentifier>{abf68cce-70aa-42ce-bfd7-42c2d622256d}</UniqueIdentifier>
    </Filter>
    <Filter Include="04. List\01. DoubleLinkedList">
      <UniqueIdentifier>{83e8e0ef-dac5-46f1-ac36-67e90eb54647}</UniqueIdentifier>
    </Filter>
    <Filter Include="05. Tree">
      <UniqueIdentifier>{b64ff16b-6f45-4e45-a487-c5c6dfc1d3d9}</UniqueIdentifier>
    </Filter>
    <Filter Include="05. Tree\01. Thread">
      <UniqueIdentifier>{88db60d4-13e2-4e01-ade6-744661dcd577}</UniqueIdentifier>
    </Filter>
    <Filter Include="05. Tree\00. BinTree">
      <UniqueIdentifier>{5f54f7cc-8d29-4764-b35f-a81299763d32}</UniqueIdentifier>
    </Filter>
    <Filter Include="05. Tree\02. BST">
      <UniqueIdentifier>{309abf2d-0488-4fb6-96a1-ca2820f19887}</UniqueIdentifier>
    </Filter>
    <Filter Include="05. Tree\02. BST\01. Dictionary">
      <UniqueIdentifier>{2f33742e-1879-4b65-97cb-bba3f06540c1}</UniqueIdentifier>
    </Filter>
    <Filter Include="05. Tree\03. Heap">
      <UniqueIdentifier>{6b9c799c-e571-4eac-afd3-5263e69d7bdc}</UniqueIdentifier>
    </Filter>
  </ItemGroup>
  <ItemGroup>
    <ClInclude Include="LinkedStack.h">
      <Filter>01. Stack</Filter>
    </ClInclude>
    <ClInclude Include="ArrayStack.h">
      <Filter>01. Stack</Filter>
    </ClInclude>
    <ClInclude Include="Node.h">
      <Filter>01. Stack</Filter>
    </ClInclude>
    <ClInclude Include="CircleQueue.h">
      <Filter>02. Queue</Filter>
    </ClInclude>
    <ClInclude Include="LinkedQueue.h">
      <Filter>02. Queue</Filter>
    </ClInclude>
    <ClInclude Include="CircleDeque.h">
      <Filter>03. Deque</Filter>
    </ClInclude>
    <ClInclude Include="DoubleLinkedList.h">
      <Filter>04. List\01. DoubleLinkedList</Filter>
    </ClInclude>
    <ClInclude Include="DoubleLinkNode.h">
      <Filter>04. List\01. DoubleLinkedList</Filter>
    </ClInclude>
    <ClInclude Include="BraketChecker.h">
      <Filter>01. Stack</Filter>
    </ClInclude>
    <ClInclude Include="ThreadBTNode.h">
      <Filter>05. Tree\01. Thread</Filter>
    </ClInclude>
    <ClInclude Include="ThreadBinaryTree.h">
      <Filter>05. Tree\01. Thread</Filter>
    </ClInclude>
    <ClInclude Include="BinaryNode.h">
      <Filter>05. Tree\00. BinTree</Filter>
    </ClInclude>
    <ClInclude Include="BinaryTree.h">
      <Filter>05. Tree\00. BinTree</Filter>
    </ClInclude>
    <ClInclude Include="BinSrchTree.h">
      <Filter>05. Tree\02. BST</Filter>
    </ClInclude>
    <ClInclude Include="DicRecord.h">
      <Filter>05. Tree\02. BST\01. Dictionary</Filter>
    </ClInclude>
    <ClInclude Include="Dictionary.h">
      <Filter>05. Tree\02. BST\01. Dictionary</Filter>
    </ClInclude>
    <ClInclude Include="HeapNode.h">
      <Filter>05. Tree\03. Heap</Filter>
    </ClInclude>
    <ClInclude Include="MaxHeap.h">
      <Filter>05. Tree\03. Heap</Filter>
    </ClInclude>
  </ItemGroup>
  <ItemGroup>
    <ClCompile Include="main.cpp">
      <Filter>Source Files</Filter>
    </ClCompile>
    <ClCompile Include="ArrayStack.cpp">
      <Filter>01. Stack</Filter>
    </ClCompile>
    <ClCompile Include="Node.cpp">
      <Filter>01. Stack</Filter>
    </ClCompile>
    <ClCompile Include="LinkedStack.cpp">
      <Filter>01. Stack</Filter>
    </ClCompile>
    <ClCompile Include="CircleQueue.cpp">
      <Filter>02. Queue</Filter>
    </ClCompile>
    <ClCompile Include="LinkedQueue.cpp">
      <Filter>02. Queue</Filter>
    </ClCompile>
    <ClCompile Include="CircleDeque.cpp">
      <Filter>03. Deque</Filter>
    </ClCompile>
    <ClCompile Include="DoubleLinkedList.cpp">
      <Filter>04. List\01. DoubleLinkedList</Filter>
    </ClCompile>
    <ClCompile Include="DoubleLinkNode.cpp">
      <Filter>04. List\01. DoubleLinkedList</Filter>
    </ClCompile>
    <ClCompile Include="BraketChecker.cpp">
      <Filter>01. Stack</Filter>
    </ClCompile>
    <ClCompile Include="ThreadBTNode.cpp">
      <Filter>05. Tree\01. Thread</Filter>
    </ClCompile>
    <ClCompile Include="ThreadBinaryTree.cpp">
      <Filter>05. Tree\01. Thread</Filter>
    </ClCompile>
    <ClCompile Include="BinaryNode.cpp">
      <Filter>05. Tree\00. BinTree</Filter>
    </ClCompile>
    <ClCompile Include="BinaryTree.cpp">
      <Filter>05. Tree\00. BinTree</Filter>
    </ClCompile>
    <ClCompile Include="BinSrchTree.cpp">
      <Filter>05. Tree\02. BST</Filter>
    </ClCompile>
    <ClCompile Include="DicRecord.cpp">
      <Filter>05. Tree\02. BST\01. Dictionary</Filter>
    </ClCompile>
    <ClCompile Include="Dictionary.cpp">
      <Filter>05. Tree\02. BST\01. Dictionary</Filter>
    </ClCompile>
    <ClCompile Include="HeapNode.cpp">
      <Filter>05. Tree\03. Heap</Filter>
    </ClCompile>
    <ClCompile Include="MaxHeap.cpp">
      <Filter>05. Tree\03. Heap</Filter>
    </ClCompile>
  </ItemGroup>
</Project>